
Microsoft Visual Studio Solution File, Format Version 12.00
# Visual Studio Version 17
VisualStudioVersion = 17.7.34018.315
MinimumVisualStudioVersion = 10.0.40219.1
Project("{FAE04EC0-301F-11D3-BF4B-00C04F79EFBC}") = "Exo4TDDBibliotheque", "Exo4TDDBibliotheque\Exo4TDDBibliotheque.csproj", "{19267CD1-E185-40CC-AA89-D1329DA41437}"
EndProject
Project("{FAE04EC0-301F-11D3-BF4B-00C04F79EFBC}") = "Exo4TDDBibliotheque.Test", "Exo4TDDBibliotheque.Test\Exo4TDDBibliotheque.Test.csproj", "{7BA753E2-59E7-43C1-98C7-0B42718E69D1}"
EndProject
Global
	GlobalSection(SolutionConfigurationPlatforms) = preSolution
		Debug|Any CPU = Debug|Any CPU
		Release|Any CPU = Release|Any CPU
	EndGlobalSection
	GlobalSection(ProjectConfigurationPlatforms) = postSolution
		{19267CD1-E185-40CC-AA89-D1329DA41437}.Debug|Any CPU.ActiveCfg = Debug|Any CPU
		{19267CD1-E185-40CC-AA89-D1329DA41437}.Debug|Any CPU.Build.0 = Debug|Any CPU
		{19267CD1-E185-40CC-AA89-D1329DA41437}.Release|Any CPU.ActiveCfg = Release|Any CPU
		{19267CD1-E185-40CC-AA89-D1329DA41437}.Release|Any CPU.Build.0 = Release|Any CPU
		{7BA753E2-59E7-43C1-98C7-0B42718E69D1}.Debug|Any CPU.ActiveCfg = Debug|Any CPU
		{7BA753E2-59E7-43C1-98C7-0B42718E69D1}.Debug|Any CPU.Build.0 = Debug|Any CPU
		{7BA753E2-59E7-43C1-98C7-0B42718E69D1}.Release|Any CPU.ActiveCfg = Release|Any CPU
		{7BA753E2-59E7-43C1-98C7-0B42718E69D1}.Release|Any CPU.Build.0 = Release|Any CPU
	EndGlobalSection
	GlobalSection(SolutionProperties) = preSolution
		HideSolutionNode = FALSE
	EndGlobalSection
	GlobalSection(ExtensibilityGlobals) = postSolution
		SolutionGuid = {84090B2F-339E-4994-A5A4-5A2DBAFEF0AB}
	EndGlobalSection
EndGlobal
